PODS:
  - ACFloatingTextfield-Objc (1.4)
  - DGActivityIndicatorView (2.1.1)
  - Firebase/Auth (4.0.0):
    - Firebase/Core
    - FirebaseAuth (= 4.0.0)
  - Firebase/Core (4.0.0):
    - FirebaseAnalytics (= 4.0.0)
    - FirebaseCore (= 4.0.0)
  - Firebase/Database (4.0.0):
    - Firebase/Core
    - FirebaseDatabase (= 4.0.0)
  - Firebase/RemoteConfig (4.0.0):
    - Firebase/Core
    - FirebaseRemoteConfig (= 2.0.0)
  - Firebase/Storage (4.0.0):
    - Firebase/Core
    - FirebaseStorage (= 2.0.0)
  - FirebaseAnalytics (4.0.0):
    - FirebaseCore (~> 4.0)
    - FirebaseInstanceID (~> 2.0)
    - GoogleToolboxForMac/NSData+zlib (~> 2.1)
  - FirebaseAuth (4.0.0):
    - FirebaseAnalytics (~> 4.0)
    - GoogleToolboxForMac/NSDictionary+URLArguments (~> 2.1)
    - GTMSessionFetcher/Core (~> 1.1)
  - FirebaseCore (4.0.0):
    - GoogleToolboxForMac/NSData+zlib (~> 2.1)
  - FirebaseDatabase (4.0.0):
    - FirebaseAnalytics (~> 4.0)
  - FirebaseInstanceID (2.0.0):
    - FirebaseCore (~> 4.0)
  - FirebaseRemoteConfig (2.0.0):
    - FirebaseAnalytics (~> 4.0)
    - FirebaseInstanceID (~> 2.0)
    - GoogleToolboxForMac/NSData+zlib (~> 2.1)
    - Protobuf (~> 3.1)
  - FirebaseStorage (2.0.0):
    - FirebaseAnalytics (~> 4.0)
    - FirebaseCore (~> 4.0)
    - GTMSessionFetcher/Core (~> 1.1)
  - GoogleAPIClient/Calendar (1.0.5):
    - GoogleAPIClient/Core
    - GTMSessionFetcher (~> 1.1)
  - GoogleAPIClient/Core (1.0.5):
    - GTMSessionFetcher (~> 1.1)
  - GoogleToolboxForMac/DebugUtils (2.1.1):
    - GoogleToolboxForMac/Defines (= 2.1.1)
  - GoogleToolboxForMac/Defines (2.1.1)
  - GoogleToolboxForMac/NSData+zlib (2.1.1):
    - GoogleToolboxForMac/Defines (= 2.1.1)
  - GoogleToolboxForMac/NSDictionary+URLArguments (2.1.1):
    - GoogleToolboxForMac/DebugUtils (= 2.1.1)
    - GoogleToolboxForMac/Defines (= 2.1.1)
    - GoogleToolboxForMac/NSString+URLArguments (= 2.1.1)
  - GoogleToolboxForMac/NSString+URLArguments (2.1.1)
  - GTMOAuth2 (1.1.4):
    - GTMSessionFetcher (~> 1.1)
  - GTMSessionFetcher (1.1.10):
    - GTMSessionFetcher/Full (= 1.1.10)
  - GTMSessionFetcher/Core (1.1.10)
  - GTMSessionFetcher/Full (1.1.10):
    - GTMSessionFetcher/Core (= 1.1.10)
  - JTCalendar (2.1.9)
  - JVFloatLabeledTextField (1.1.1)
  - Protobuf (3.3.0)
  - STCollapseTableView (0.1.1)
  - TPKeyboardAvoiding (1.3.1)
  - UITextView+Placeholder (1.2.0)

DEPENDENCIES:
  - ACFloatingTextfield-Objc (~> 1.4)
  - DGActivityIndicatorView
  - Firebase/Auth
  - Firebase/Core
  - Firebase/Database
  - Firebase/RemoteConfig
  - Firebase/Storage
  - GoogleAPIClient/Calendar (~> 1.0.2)
  - GTMOAuth2 (~> 1.1.0)
  - JTCalendar (~> 2.0)
  - JVFloatLabeledTextField
  - STCollapseTableView
  - TPKeyboardAvoiding
  - UITextView+Placeholder

SPEC CHECKSUMS:
  ACFloatingTextfield-Objc: 4f8ad8327ac57119c901f2e6109b017cc98c3f12
  DGActivityIndicatorView: ff2c76073d79692f724863c8dd38685866a03cb6
  Firebase: 284eea779b73fdff309791817da7c68bff8dd572
  FirebaseAnalytics: 6f08e746f7d66f5452931bc2e822b5df9c66b64a
  FirebaseAuth: ebb6abcbabae00fc47446d690c19ce68d8484fde
  FirebaseCore: 85ad466044c2f013cdb167f85d426d15b128114a
  FirebaseDatabase: d829b3a8c3e2ac7a16773c5df226966b0805dfc2
  FirebaseInstanceID: 9fbf536668f4d3f0880e7438456dabd1376e294b
  FirebaseRemoteConfig: b1bde8c572a1ca13558b5b179f4563cb877aa34b
  FirebaseStorage: 8110a1ed2034c8fbfd83890d2acc9cdbbd99afec
  GoogleAPIClient: 77df755d41d70ee5a99b7b752614fbb439f19438
  GoogleToolboxForMac: 8e329f1b599f2512c6b10676d45736bcc2cbbeb0
  GTMOAuth2: 7fc9c10f5c745f4d9850419ea88889fe3baa6b7d
  GTMSessionFetcher: 30d874b96d0d76028f61fbd122801e3f030d47db
  JTCalendar: beb2f4c1b639bf6880f680b4858227acf83a049c
  JVFloatLabeledTextField: 0e5524b097f102036214dd8279edc8ecf08b5e18
  Protobuf: d582fecf68201eac3d79ed61369ef45734394b9c
  STCollapseTableView: edd40eacf9411ce862da921f83e0b7b1680fac4d
  TPKeyboardAvoiding: 0d6af20e95e2850f4c621841225b59ec7d8dd852
  UITextView+Placeholder: 77680995fcdd07c3f52ec92fe1150874a2ac89ff

PODFILE CHECKSUM: 6af5a7791fd0673ea3a482135aa960c9935afc94

COCOAPODS: 1.2.0
